
Microsoft Visual Studio Solution File, Format Version 12.00
# Visual Studio Version 16
VisualStudioVersion = 16.0.32002.261
MinimumVisualStudioVersion = 10.0.40219.1
Project("{8BC9CEB8-8B4A-11D0-8D11-00A0C91BC942}") = "22.1.28", "22.1.28\22.1.28.vcxproj", "{16D4353C-7521-40F1-BB74-555B4A9EBE28}"
EndProject
Global
	GlobalSection(SolutionConfigurationPlatforms) = preSolution
		Debug|x64 = Debug|x64
		Debug|x86 = Debug|x86
		Release|x64 = Release|x64
		Release|x86 = Release|x86
	EndGlobalSection
	GlobalSection(ProjectConfigurationPlatforms) = postSolution
		{16D4353C-7521-40F1-BB74-555B4A9EBE28}.Debug|x64.ActiveCfg = Debug|x64
		{16D4353C-7521-40F1-BB74-555B4A9EBE28}.Debug|x64.Build.0 = Debug|x64
		{16D4353C-7521-40F1-BB74-555B4A9EBE28}.Debug|x86.ActiveCfg = Debug|Win32
		{16D4353C-7521-40F1-BB74-555B4A9EBE28}.Debug|x86.Build.0 = Debug|Win32
		{16D4353C-7521-40F1-BB74-555B4A9EBE28}.Release|x64.ActiveCfg = Release|x64
		{16D4353C-7521-40F1-BB74-555B4A9EBE28}.Release|x64.Build.0 = Release|x64
		{16D4353C-7521-40F1-BB74-555B4A9EBE28}.Release|x86.ActiveCfg = Release|Win32
		{16D4353C-7521-40F1-BB74-555B4A9EBE28}.Release|x86.Build.0 = Release|Win32
	EndGlobalSection
	GlobalSection(SolutionProperties) = preSolution
		HideSolutionNode = FALSE
	EndGlobalSection
	GlobalSection(ExtensibilityGlobals) = postSolution
		SolutionGuid = {E8EE9748-AEA5-4B71-92D3-C9815394FDA6}
	EndGlobalSection
EndGlobal
